
Microsoft Visual Studio Solution File, Format Version 12.00
# Visual Studio Version 17
VisualStudioVersion = 17.6.33815.320
MinimumVisualStudioVersion = 10.0.40219.1
Project("{9A19103F-16F7-4668-BE54-9A1E7A4F7556}") = "RabbitMQ", "RabbitMQ\RabbitMQ.csproj", "{2934F074-795A-4CFF-979B-ACD1F8372141}"
EndProject
Project("{FAE04EC0-301F-11D3-BF4B-00C04F79EFBC}") = "MesajiTut", "MesajiTut\MesajiTut.csproj", "{9063AB8C-AA27-43FF-AE3B-702E51231EB9}"
EndProject
Global
	GlobalSection(SolutionConfigurationPlatforms) = preSolution
		Debug|Any CPU = Debug|Any CPU
		Release|Any CPU = Release|Any CPU
	EndGlobalSection
	GlobalSection(ProjectConfigurationPlatforms) = postSolution
		{2934F074-795A-4CFF-979B-ACD1F8372141}.Debug|Any CPU.ActiveCfg = Debug|Any CPU
		{2934F074-795A-4CFF-979B-ACD1F8372141}.Debug|Any CPU.Build.0 = Debug|Any CPU
		{2934F074-795A-4CFF-979B-ACD1F8372141}.Release|Any CPU.ActiveCfg = Release|Any CPU
		{2934F074-795A-4CFF-979B-ACD1F8372141}.Release|Any CPU.Build.0 = Release|Any CPU
		{9063AB8C-AA27-43FF-AE3B-702E51231EB9}.Debug|Any CPU.ActiveCfg = Debug|Any CPU
		{9063AB8C-AA27-43FF-AE3B-702E51231EB9}.Debug|Any CPU.Build.0 = Debug|Any CPU
		{9063AB8C-AA27-43FF-AE3B-702E51231EB9}.Release|Any CPU.ActiveCfg = Release|Any CPU
		{9063AB8C-AA27-43FF-AE3B-702E51231EB9}.Release|Any CPU.Build.0 = Release|Any CPU
	EndGlobalSection
	GlobalSection(SolutionProperties) = preSolution
		HideSolutionNode = FALSE
	EndGlobalSection
	GlobalSection(ExtensibilityGlobals) = postSolution
		SolutionGuid = {ED61AAA0-42FD-432F-BAC7-710C08C74AEB}
	EndGlobalSection
EndGlobal
